
Microsoft Visual Studio Solution File, Format Version 12.00
# Visual Studio Version 17
VisualStudioVersion = 17.7.34221.43
MinimumVisualStudioVersion = 10.0.40219.1
Project("{9A19103F-16F7-4668-BE54-9A1E7A4F7556}") = "Mahasiswa", "Fasilkom Point\Mahasiswa.csproj", "{7B85E30C-40B0-45A4-B062-1EF88D627E10}"
EndProject
Global
	GlobalSection(SolutionConfigurationPlatforms) = preSolution
		Debug|Any CPU = Debug|Any CPU
		Release|Any CPU = Release|Any CPU
	EndGlobalSection
	GlobalSection(ProjectConfigurationPlatforms) = postSolution
		{7B85E30C-40B0-45A4-B062-1EF88D627E10}.Debug|Any CPU.ActiveCfg = Debug|Any CPU
		{7B85E30C-40B0-45A4-B062-1EF88D627E10}.Debug|Any CPU.Build.0 = Debug|Any CPU
		{7B85E30C-40B0-45A4-B062-1EF88D627E10}.Release|Any CPU.ActiveCfg = Release|Any CPU
		{7B85E30C-40B0-45A4-B062-1EF88D627E10}.Release|Any CPU.Build.0 = Release|Any CPU
	EndGlobalSection
	GlobalSection(SolutionProperties) = preSolution
		HideSolutionNode = FALSE
	EndGlobalSection
	GlobalSection(ExtensibilityGlobals) = postSolution
		SolutionGuid = {64516E58-C43F-4451-A9F9-0AACD60E0900}
	EndGlobalSection
EndGlobal
