
Microsoft Visual Studio Solution File, Format Version 12.00
# Visual Studio Version 17
VisualStudioVersion = 17.7.34018.315
MinimumVisualStudioVersion = 10.0.40219.1
Project("{FAE04EC0-301F-11D3-BF4B-00C04F79EFBC}") = "FASILKOMPOINT", "FASILKOMPOINT\FASILKOMPOINT.csproj", "{52EAD2BE-CD46-4706-B280-8A9DE1634EF8}"
EndProject
Global
	GlobalSection(SolutionConfigurationPlatforms) = preSolution
		Debug|Any CPU = Debug|Any CPU
		Release|Any CPU = Release|Any CPU
	EndGlobalSection
	GlobalSection(ProjectConfigurationPlatforms) = postSolution
		{52EAD2BE-CD46-4706-B280-8A9DE1634EF8}.Debug|Any CPU.ActiveCfg = Debug|Any CPU
		{52EAD2BE-CD46-4706-B280-8A9DE1634EF8}.Debug|Any CPU.Build.0 = Debug|Any CPU
		{52EAD2BE-CD46-4706-B280-8A9DE1634EF8}.Release|Any CPU.ActiveCfg = Release|Any CPU
		{52EAD2BE-CD46-4706-B280-8A9DE1634EF8}.Release|Any CPU.Build.0 = Release|Any CPU
	EndGlobalSection
	GlobalSection(SolutionProperties) = preSolution
		HideSolutionNode = FALSE
	EndGlobalSection
	GlobalSection(ExtensibilityGlobals) = postSolution
		SolutionGuid = {C8C66A2F-B8A4-4B31-B0FA-129ECED594B8}
	EndGlobalSection
EndGlobal
