
Microsoft Visual Studio Solution File, Format Version 12.00
# Visual Studio Version 17
VisualStudioVersion = 17.7.34221.43
MinimumVisualStudioVersion = 10.0.40219.1
Project("{9A19103F-16F7-4668-BE54-9A1E7A4F7556}") = "FASILKOMPOINT", "FASILKOMPOINT\FASILKOMPOINT.csproj", "{F00F6E63-A587-41F7-B2B8-DD5BD715184C}"
EndProject
Global
	GlobalSection(SolutionConfigurationPlatforms) = preSolution
		Debug|Any CPU = Debug|Any CPU
		Release|Any CPU = Release|Any CPU
	EndGlobalSection
	GlobalSection(ProjectConfigurationPlatforms) = postSolution
		{F00F6E63-A587-41F7-B2B8-DD5BD715184C}.Debug|Any CPU.ActiveCfg = Debug|Any CPU
		{F00F6E63-A587-41F7-B2B8-DD5BD715184C}.Debug|Any CPU.Build.0 = Debug|Any CPU
		{F00F6E63-A587-41F7-B2B8-DD5BD715184C}.Release|Any CPU.ActiveCfg = Release|Any CPU
		{F00F6E63-A587-41F7-B2B8-DD5BD715184C}.Release|Any CPU.Build.0 = Release|Any CPU
	EndGlobalSection
	GlobalSection(SolutionProperties) = preSolution
		HideSolutionNode = FALSE
	EndGlobalSection
	GlobalSection(ExtensibilityGlobals) = postSolution
		SolutionGuid = {6ABA10FF-3C36-473D-9041-859B2A20C1B0}
	EndGlobalSection
EndGlobal
