
Microsoft Visual Studio Solution File, Format Version 12.00
# Visual Studio Version 17
VisualStudioVersion = 17.7.34018.315
MinimumVisualStudioVersion = 10.0.40219.1
Project("{FAE04EC0-301F-11D3-BF4B-00C04F79EFBC}") = "Halaman Poin Mahasiswa", "Halaman Poin Mahasiswa.csproj", "{48949289-5CA0-432A-9883-5139574243E9}"
EndProject
Global
	GlobalSection(SolutionConfigurationPlatforms) = preSolution
		Debug|Any CPU = Debug|Any CPU
		Release|Any CPU = Release|Any CPU
	EndGlobalSection
	GlobalSection(ProjectConfigurationPlatforms) = postSolution
		{48949289-5CA0-432A-9883-5139574243E9}.Debug|Any CPU.ActiveCfg = Debug|Any CPU
		{48949289-5CA0-432A-9883-5139574243E9}.Debug|Any CPU.Build.0 = Debug|Any CPU
		{48949289-5CA0-432A-9883-5139574243E9}.Release|Any CPU.ActiveCfg = Release|Any CPU
		{48949289-5CA0-432A-9883-5139574243E9}.Release|Any CPU.Build.0 = Release|Any CPU
	EndGlobalSection
	GlobalSection(SolutionProperties) = preSolution
		HideSolutionNode = FALSE
	EndGlobalSection
	GlobalSection(ExtensibilityGlobals) = postSolution
		SolutionGuid = {5F0CE85E-AC9A-48DF-8ADD-F15466D285F5}
	EndGlobalSection
EndGlobal
